Microsoft Visual Studio Solution File, Format Version 12.00
# Visual Studio 2012
Project("{FAE04EC0-301F-11D3-BF4B-00C04F79EFBC}") = "Wormhole", "Wormhole.csproj", "{9A5A78DC-2EE5-417B-ABA7-E10D8BC2E8FB}"
EndProject
Global
	GlobalSection(SolutionConfigurationPlatforms) = preSolution
	Debug|Any CPU = Debug|Any CPU
	ExportDebug|Any CPU = ExportDebug|Any CPU
	ExportRelease|Any CPU = ExportRelease|Any CPU
	EndGlobalSection
	GlobalSection(ProjectConfigurationPlatforms) = postSolution
		{9A5A78DC-2EE5-417B-ABA7-E10D8BC2E8FB}.Debug|Any CPU.ActiveCfg = Debug|Any CPU
		{9A5A78DC-2EE5-417B-ABA7-E10D8BC2E8FB}.Debug|Any CPU.Build.0 = Debug|Any CPU
		{9A5A78DC-2EE5-417B-ABA7-E10D8BC2E8FB}.ExportDebug|Any CPU.ActiveCfg = ExportDebug|Any CPU
		{9A5A78DC-2EE5-417B-ABA7-E10D8BC2E8FB}.ExportDebug|Any CPU.Build.0 = ExportDebug|Any CPU
		{9A5A78DC-2EE5-417B-ABA7-E10D8BC2E8FB}.ExportRelease|Any CPU.ActiveCfg = ExportRelease|Any CPU
		{9A5A78DC-2EE5-417B-ABA7-E10D8BC2E8FB}.ExportRelease|Any CPU.Build.0 = ExportRelease|Any CPU
	EndGlobalSection
EndGlobal
